{
  "name": "cliffano.github.io-ae86",
  "version": "0.0.0",
  "lockfileVersion": 3,
  "requires": true,
  "packages": {
    "": {
      "name": "cliffano.github.io-ae86",
      "version": "0.0.0",
      "dependencies": {
        "jazz": "^0.0.18",
        "jsonlint-dir": "^1.7.0"
      }
    },
    "node_modules/@gerhobbelt/linewrap": {
      "version": "0.2.2-3",
      "resolved": "https://registry.npmjs.org/@gerhobbelt/linewrap/-/linewrap-0.2.2-3.tgz",
      "integrity": "sha512-u2eUbXgNtqckBI4gxds/uiUNoytT+qIqpePmVDI5isW8A18uB3Qz1P+UxAHgFafGOZWJNrpR0IKnZhl7QhaUng==",
      "engines": {
        "node": ">=4.0"
      }
    },
    "node_modules/@gerhobbelt/nomnom": {
      "version": "1.8.4-31",
      "resolved": "https://registry.npmjs.org/@gerhobbelt/nomnom/-/nomnom-1.8.4-31.tgz",
      "integrity": "sha512-Ih0OLfetFcT5KFB4VruQcosf6RB56rYDEpSs12OWyXpF22BFs+ovX/epghaN8tTlOSCHpPmjwOx4va8Dzz/B9w==",
      "dependencies": {
        "@gerhobbelt/linewrap": "0.2.2-3",
        "chalk": "4.1.0",
        "exit": "0.1.2"
      },
      "engines": {
        "node": ">=4.0"
      }
    },
    "node_modules/ansi-styles": {
      "version": "4.3.0",
      "resolved": "https://registry.npmjs.org/ansi-styles/-/ansi-styles-4.3.0.tgz",
      "integrity": "sha512-zbB9rCJAT1rbjiVDb2hqKFHNYLxgtk8NURxZ3IZwD3F6NtxbXZQCnnSi1Lkx+IDohdPlFp222wVALIheZJQSEg==",
      "dependencies": {
        "color-convert": "^2.0.1"
      },
      "engines": {
        "node": ">=8"
      },
      "funding": {
        "url": "https://github.com/chalk/ansi-styles?sponsor=1"
      }
    },
    "node_modules/chalk": {
      "version": "4.1.0",
      "resolved": "https://registry.npmjs.org/chalk/-/chalk-4.1.0.tgz",
      "integrity": "sha512-qwx12AxXe2Q5xQ43Ac//I6v5aXTipYrSESdOgzrN+9XjgEpyjpKuvSGaN4qE93f7TQTlerQQ8S+EQ0EyDoVL1A==",
      "dependencies": {
        "ansi-styles": "^4.1.0",
        "supports-color": "^7.1.0"
      },
      "engines": {
        "node": ">=10"
      },
      "funding": {
        "url": "https://github.com/chalk/chalk?sponsor=1"
      }
    },
    "node_modules/color-convert": {
      "version": "2.0.1",
      "resolved": "https://registry.npmjs.org/color-convert/-/color-convert-2.0.1.tgz",
      "integrity": "sha512-RRECPsj7iu/xb5oKYcsFHSppFNnsj/52OVTRKb4zP5onXwVF3zVmmToNcOfGC+CRDpfK/U584fMg38ZHCaElKQ==",
      "dependencies": {
        "color-name": "~1.1.4"
      },
      "engines": {
        "node": ">=7.0.0"
      }
    },
    "node_modules/color-name": {
      "version": "1.1.4",
      "resolved": "https://registry.npmjs.org/color-name/-/color-name-1.1.4.tgz",
      "integrity": "sha512-dOy+3AuW3a2wNbZHIuMZpTcgjGuLU/uBL/ubcZF9OXbDo8ff4O8yVp5Bf0efS8uEoYo5q4Fx7dY9OgQGXgAsQA=="
    },
    "node_modules/exit": {
      "version": "0.1.2",
      "resolved": "https://registry.npmjs.org/exit/-/exit-0.1.2.tgz",
      "integrity": "sha512-Zk/eNKV2zbjpKzrsQ+n1G6poVbErQxJ0LBOJXaKZ1EViLzH+hrLu9cdXI4zw9dBQJslwBEpbQ2P1oS7nDxs6jQ==",
      "engines": {
        "node": ">= 0.8.0"
      }
    },
    "node_modules/has-flag": {
      "version": "4.0.0",
      "resolved": "https://registry.npmjs.org/has-flag/-/has-flag-4.0.0.tgz",
      "integrity": "sha512-EykJT/Q1KjTWctppgIAgfSO0tKVuZUjhgMr17kqTumMl6Afv3EISleU7qZUzoXDFTAHTDC4NOoG/ZxU3EvlMPQ==",
      "engines": {
        "node": ">=8"
      }
    },
    "node_modules/jazz": {
      "version": "0.0.18",
      "resolved": "https://registry.npmjs.org/jazz/-/jazz-0.0.18.tgz",
      "integrity": "sha512-EaQJD/lHUEuUjqv5z86QG0qXisyglHGW6J+eCP9xJ1br9qqXak1GkDdicYmtUryOaciW+ybse2y7EA19zvRVeA==",
      "engines": {
        "node": ">= 0.1.102"
      }
    },
    "node_modules/jsonlint-dir": {
      "version": "1.7.0",
      "resolved": "https://registry.npmjs.org/jsonlint-dir/-/jsonlint-dir-1.7.0.tgz",
      "integrity": "sha512-tXH/xZX9pILmXdexIfawdwZETz024chAdC/EDWPAhgT+zjl+72W1/EE3bBk/0reR9g6ApNncxG1dalLu/FQWDA==",
      "dependencies": {
        "@gerhobbelt/nomnom": "^1.8.4-27",
        "JSV": "^4.0.x"
      },
      "bin": {
        "jsonlint": "lib/cli.js"
      },
      "engines": {
        "node": ">= 0.6"
      }
    },
    "node_modules/JSV": {
      "version": "4.0.2",
      "resolved": "https://registry.npmjs.org/JSV/-/JSV-4.0.2.tgz",
      "integrity": "sha512-ZJ6wx9xaKJ3yFUhq5/sk82PJMuUyLk277I8mQeyDgCTjGdjWJIvPfaU5LIXaMuaN2UO1X3kZH4+lgphublZUHw==",
      "engines": {
        "node": "*"
      }
    },
    "node_modules/supports-color": {
      "version": "7.2.0",
      "resolved": "https://registry.npmjs.org/supports-color/-/supports-color-7.2.0.tgz",
      "integrity": "sha512-qpCAvRl9stuOHveKsn7HncJRvv501qIacKzQlO/+Lwxc9+0q2wLyv4Dfvt80/DPn2pqOBsJdDiogXGR9+OvwRw==",
      "dependencies": {
        "has-flag": "^4.0.0"
      },
      "engines": {
        "node": ">=8"
      }
    }
  }
}
